
Microsoft Visual Studio Solution File, Format Version 12.00
# Visual Studio Version 17
VisualStudioVersion = 17.10.35013.160
MinimumVisualStudioVersion = 10.0.40219.1
Project("{FAE04EC0-301F-11D3-BF4B-00C04F79EFBC}") = "taskinheritance", "taskinheritance\taskinheritance.csproj", "{68EFA637-F310-4E29-A4B0-A006779B43CC}"
EndProject
Global
	GlobalSection(SolutionConfigurationPlatforms) = preSolution
		Debug|Any CPU = Debug|Any CPU
		Release|Any CPU = Release|Any CPU
	EndGlobalSection
	GlobalSection(ProjectConfigurationPlatforms) = postSolution
		{68EFA637-F310-4E29-A4B0-A006779B43CC}.Debug|Any CPU.ActiveCfg = Debug|Any CPU
		{68EFA637-F310-4E29-A4B0-A006779B43CC}.Debug|Any CPU.Build.0 = Debug|Any CPU
		{68EFA637-F310-4E29-A4B0-A006779B43CC}.Release|Any CPU.ActiveCfg = Release|Any CPU
		{68EFA637-F310-4E29-A4B0-A006779B43CC}.Release|Any CPU.Build.0 = Release|Any CPU
	EndGlobalSection
	GlobalSection(SolutionProperties) = preSolution
		HideSolutionNode = FALSE
	EndGlobalSection
	GlobalSection(ExtensibilityGlobals) = postSolution
		SolutionGuid = {756CBC28-BFDC-41AA-8152-487314FF4EBC}
	EndGlobalSection
EndGlobal
